// !$*UTF8*$!
{
	archiveVersion = 1;
	classes = {
	};
	objectVersion = 46;
	objects = {

/* Begin PBXBuildFile section */
		FE684287180E32DA0000E01C /* Foundation.framework in Frameworks */ = {isa = PBXBuildFile; fileRef = FE684286180E32DA0000E01C /* Foundation.framework */; };
		FE684289180E32DA0000E01C /* CoreGraphics.framework in Frameworks */ = {isa = PBXBuildFile; fileRef = FE684288180E32DA0000E01C /* CoreGraphics.framework */; };
		FE68428B180E32DA0000E01C /* UIKit.framework in Frameworks */ = {isa = PBXBuildFile; fileRef = FE68428A180E32DA0000E01C /* UIKit.framework */; };
		FE684291180E32DA0000E01C /* InfoPlist.strings in Resources */ = {isa = PBXBuildFile; fileRef = FE68428F180E32DA0000E01C /* InfoPlist.strings */; };
		FE684293180E32DA0000E01C /* main.m in Sources */ = {isa = PBXBuildFile; fileRef = FE684292180E32DA0000E01C /* main.m */; };
		FE684297180E32DA0000E01C /* MAppDelegate.m in Sources */ = {isa = PBXBuildFile; fileRef = FE684296180E32DA0000E01C /* MAppDelegate.m */; };
		FE684299180E32DA0000E01C /* Images.xcassets in Resources */ = {isa = PBXBuildFile; fileRef = FE684298180E32DA0000E01C /* Images.xcassets */; };
		FE6842A0180E32DA0000E01C /* XCTest.framework in Frameworks */ = {isa = PBXBuildFile; fileRef = FE68429F180E32DA0000E01C /* XCTest.framework */; };
		FE6842A1180E32DA0000E01C /* Foundation.framework in Frameworks */ = {isa = PBXBuildFile; fileRef = FE684286180E32DA0000E01C /* Foundation.framework */; };
		FE6842A2180E32DA0000E01C /* UIKit.framework in Frameworks */ = {isa = PBXBuildFile; fileRef = FE68428A180E32DA0000E01C /* UIKit.framework */; };
		FE6842AA180E32DA0000E01C /* InfoPlist.strings in Resources */ = {isa = PBXBuildFile; fileRef = FE6842A8180E32DA0000E01C /* InfoPlist.strings */; };
		FE6842AC180E32DA0000E01C /* MaomaoTests.m in Sources */ = {isa = PBXBuildFile; fileRef = FE6842AB180E32DA0000E01C /* MaomaoTests.m */; };
		FE83A8C1180FB0CD0080396B /* MRootVC.m in Sources */ = {isa = PBXBuildFile; fileRef = FE83A8C0180FB0CD0080396B /* MRootVC.m */; };
		FE83A8C7180FB9F40080396B /* 1.png in Resources */ = {isa = PBXBuildFile; fileRef = FE83A8C3180FB9F40080396B /* 1.png */; };
		FE83A8C8180FB9F40080396B /* 2.png in Resources */ = {isa = PBXBuildFile; fileRef = FE83A8C4180FB9F40080396B /* 2.png */; };
		FE83A8C9180FB9F40080396B /* 3.png in Resources */ = {isa = PBXBuildFile; fileRef = FE83A8C5180FB9F40080396B /* 3.png */; };
		FE83A8CA180FB9F40080396B /* 4.png in Resources */ = {isa = PBXBuildFile; fileRef = FE83A8C6180FB9F40080396B /* 4.png */; };
		FE902ADF180F90AE00F60C71 /* ASIAuthenticationDialog.m in Sources */ = {isa = PBXBuildFile; fileRef = FE902A9B180F90AD00F60C71 /* ASIAuthenticationDialog.m */; settings = {COMPILER_FLAGS = "-fno-objc-arc"; }; };
		FE902AE0180F90AE00F60C71 /* ASIDataCompressor.m in Sources */ = {isa = PBXBuildFile; fileRef = FE902A9E180F90AD00F60C71 /* ASIDataCompressor.m */; settings = {COMPILER_FLAGS = "-fno-objc-arc"; }; };
		FE902AE1180F90AE00F60C71 /* ASIDataDecompressor.m in Sources */ = {isa = PBXBuildFile; fileRef = FE902AA0180F90AD00F60C71 /* ASIDataDecompressor.m */; settings = {COMPILER_FLAGS = "-fno-objc-arc"; }; };
		FE902AE2180F90AE00F60C71 /* ASIDownloadCache.m in Sources */ = {isa = PBXBuildFile; fileRef = FE902AA2180F90AD00F60C71 /* ASIDownloadCache.m */; settings = {COMPILER_FLAGS = "-fno-objc-arc"; }; };
		FE902AE3180F90AE00F60C71 /* ASIFormDataRequest.m in Sources */ = {isa = PBXBuildFile; fileRef = FE902AA4180F90AD00F60C71 /* ASIFormDataRequest.m */; settings = {COMPILER_FLAGS = "-fno-objc-arc"; }; };
		FE902AE4180F90AE00F60C71 /* ASIHTTPRequest.m in Sources */ = {isa = PBXBuildFile; fileRef = FE902AA6180F90AD00F60C71 /* ASIHTTPRequest.m */; settings = {COMPILER_FLAGS = "-fno-objc-arc"; }; };
		FE902AE5180F90AE00F60C71 /* ASIInputStream.m in Sources */ = {isa = PBXBuildFile; fileRef = FE902AAA180F90AD00F60C71 /* ASIInputStream.m */; settings = {COMPILER_FLAGS = "-fno-objc-arc"; }; };
		FE902AE6180F90AE00F60C71 /* ASINetworkQueue.m in Sources */ = {isa = PBXBuildFile; fileRef = FE902AAC180F90AD00F60C71 /* ASINetworkQueue.m */; settings = {COMPILER_FLAGS = "-fno-objc-arc"; }; };
		FE902AE7180F90AE00F60C71 /* Reachability.m in Sources */ = {isa = PBXBuildFile; fileRef = FE902AB0180F90AD00F60C71 /* Reachability.m */; settings = {COMPILER_FLAGS = "-fno-objc-arc"; }; };
		FE902AE8180F90AE00F60C71 /* NSObject+SBJSON.m in Sources */ = {isa = PBXBuildFile; fileRef = FE902AB4180F90AD00F60C71 /* NSObject+SBJSON.m */; settings = {COMPILER_FLAGS = "-fno-objc-arc"; }; };
		FE902AE9180F90AE00F60C71 /* NSString+SBJSON.m in Sources */ = {isa = PBXBuildFile; fileRef = FE902AB6180F90AD00F60C71 /* NSString+SBJSON.m */; settings = {COMPILER_FLAGS = "-fno-objc-arc"; }; };
		FE902AEA180F90AE00F60C71 /* SBJSON.m in Sources */ = {isa = PBXBuildFile; fileRef = FE902AB8180F90AD00F60C71 /* SBJSON.m */; settings = {COMPILER_FLAGS = "-fno-objc-arc"; }; };
		FE902AEB180F90AE00F60C71 /* SBJsonBase.m in Sources */ = {isa = PBXBuildFile; fileRef = FE902ABA180F90AD00F60C71 /* SBJsonBase.m */; settings = {COMPILER_FLAGS = "-fno-objc-arc"; }; };
		FE902AEC180F90AE00F60C71 /* SBJsonParser.m in Sources */ = {isa = PBXBuildFile; fileRef = FE902ABC180F90AD00F60C71 /* SBJsonParser.m */; settings = {COMPILER_FLAGS = "-fno-objc-arc"; }; };
		FE902AED180F90AE00F60C71 /* SBJsonWriter.m in Sources */ = {isa = PBXBuildFile; fileRef = FE902ABE180F90AD00F60C71 /* SBJsonWriter.m */; settings = {COMPILER_FLAGS = "-fno-objc-arc"; }; };
		FE902AEE180F90AE00F60C71 /* blueArrow.png in Resources */ = {isa = PBXBuildFile; fileRef = FE902AC0180F90AD00F60C71 /* blueArrow.png */; };
		FE902AEF180F90AE00F60C71 /* EGORefreshTableHeaderView.m in Sources */ = {isa = PBXBuildFile; fileRef = FE902AC2180F90AD00F60C71 /* EGORefreshTableHeaderView.m */; settings = {COMPILER_FLAGS = "-fno-objc-arc"; }; };
		FE902AF0180F90AE00F60C71 /* GPPrompting.m in Sources */ = {isa = PBXBuildFile; fileRef = FE902AC4180F90AD00F60C71 /* GPPrompting.m */; settings = {COMPILER_FLAGS = "-fno-objc-arc"; }; };
		FE902AF1180F90AE00F60C71 /* MBProgressHUD.m in Sources */ = {isa = PBXBuildFile; fileRef = FE902AC6180F90AD00F60C71 /* MBProgressHUD.m */; };
		FE902AF2180F90AE00F60C71 /* Utils.m in Sources */ = {isa = PBXBuildFile; fileRef = FE902AC8180F90AD00F60C71 /* Utils.m */; };
		FE902AF3180F90AE00F60C71 /* MKAnnotationView+WebCache.m in Sources */ = {isa = PBXBuildFile; fileRef = FE902ACB180F90AE00F60C71 /* MKAnnotationView+WebCache.m */; };
		FE902AF4180F90AE00F60C71 /* SDImageCache.m in Sources */ = {isa = PBXBuildFile; fileRef = FE902ACD180F90AE00F60C71 /* SDImageCache.m */; };
		FE902AF5180F90AE00F60C71 /* SDWebImageCompat.m in Sources */ = {isa = PBXBuildFile; fileRef = FE902ACF180F90AE00F60C71 /* SDWebImageCompat.m */; };
		FE902AF6180F90AE00F60C71 /* SDWebImageDecoder.m in Sources */ = {isa = PBXBuildFile; fileRef = FE902AD1180F90AE00F60C71 /* SDWebImageDecoder.m */; };
		FE902AF7180F90AE00F60C71 /* SDWebImageDownloader.m in Sources */ = {isa = PBXBuildFile; fileRef = FE902AD3180F90AE00F60C71 /* SDWebImageDownloader.m */; };
		FE902AF8180F90AE00F60C71 /* SDWebImageDownloaderOperation.m in Sources */ = {isa = PBXBuildFile; fileRef = FE902AD5180F90AE00F60C71 /* SDWebImageDownloaderOperation.m */; };
		FE902AF9180F90AE00F60C71 /* SDWebImageManager.m in Sources */ = {isa = PBXBuildFile; fileRef = FE902AD7180F90AE00F60C71 /* SDWebImageManager.m */; };
		FE902AFA180F90AE00F60C71 /* SDWebImagePrefetcher.m in Sources */ = {isa = PBXBuildFile; fileRef = FE902ADA180F90AE00F60C71 /* SDWebImagePrefetcher.m */; };
		FE902AFB180F90AE00F60C71 /* UIButton+WebCache.m in Sources */ = {isa = PBXBuildFile; fileRef = FE902ADC180F90AE00F60C71 /* UIButton+WebCache.m */; };
		FE902AFC180F90AE00F60C71 /* UIImageView+WebCache.m in Sources */ = {isa = PBXBuildFile; fileRef = FE902ADE180F90AE00F60C71 /* UIImageView+WebCache.m */; };
		FE902AFF180F913C00F60C71 /* CFNetwork.framework in Frameworks */ = {isa = PBXBuildFile; fileRef = FE902AFE180F913C00F60C71 /* CFNetwork.framework */; };
		FE902B01180F914800F60C71 /* MobileCoreServices.framework in Frameworks */ = {isa = PBXBuildFile; fileRef = FE902B00180F914800F60C71 /* MobileCoreServices.framework */; };
		FE902B03180F915100F60C71 /* SystemConfiguration.framework in Frameworks */ = {isa = PBXBuildFile; fileRef = FE902B02180F915100F60C71 /* SystemConfiguration.framework */; };
		FE902B05180F916C00F60C71 /* ImageIO.framework in Frameworks */ = {isa = PBXBuildFile; fileRef = FE902B04180F916C00F60C71 /* ImageIO.framework */; };
		FE902B07180F917600F60C71 /* MapKit.framework in Frameworks */ = {isa = PBXBuildFile; fileRef = FE902B06180F917600F60C71 /* MapKit.framework */; };
		FE902B09180F91D900F60C71 /* libz.dylib in Frameworks */ = {isa = PBXBuildFile; fileRef = FE902B08180F91D900F60C71 /* libz.dylib */; };
		FEBEFEF6180FC867007C3D2C /* MBackBtn.m in Sources */ = {isa = PBXBuildFile; fileRef = FEBEFEF5180FC867007C3D2C /* MBackBtn.m */; };
		FEBEFEF9180FC878007C3D2C /* MRightBtn.m in Sources */ = {isa = PBXBuildFile; fileRef = FEBEFEF8180FC878007C3D2C /* MRightBtn.m */; };
		FEBEFEFC180FC8A2007C3D2C /* MTitleView.m in Sources */ = {isa = PBXBuildFile; fileRef = FEBEFEFB180FC8A2007C3D2C /* MTitleView.m */; };
		FEBEFF03180FC97C007C3D2C /* MBarListCell.m in Sources */ = {isa = PBXBuildFile; fileRef = FEBEFF02180FC97C007C3D2C /* MBarListCell.m */; };
		FEBEFF06180FCD67007C3D2C /* MHomeVC.m in Sources */ = {isa = PBXBuildFile; fileRef = FEBEFF05180FCD67007C3D2C /* MHomeVC.m */; };
		FEBEFF09180FCDCA007C3D2C /* MSettingVC.m in Sources */ = {isa = PBXBuildFile; fileRef = FEBEFF08180FCDCA007C3D2C /* MSettingVC.m */; };
		FEBEFF0C180FCDF9007C3D2C /* MMessageVC.m in Sources */ = {isa = PBXBuildFile; fileRef = FEBEFF0B180FCDF9007C3D2C /* MMessageVC.m */; };
		FEBEFF0F180FCE7C007C3D2C /* MCollectVC.m in Sources */ = {isa = PBXBuildFile; fileRef = FEBEFF0E180FCE7C007C3D2C /* MCollectVC.m */; };
		FEBEFF12180FD00C007C3D2C /* MLoginVC.m in Sources */ = {isa = PBXBuildFile; fileRef = FEBEFF11180FD00C007C3D2C /* MLoginVC.m */; };
		FEBEFF15180FD028007C3D2C /* MRegisterVC.m in Sources */ = {isa = PBXBuildFile; fileRef = FEBEFF14180FD028007C3D2C /* MRegisterVC.m */; };
		FEBEFF18180FD35E007C3D2C /* SFSlideNavViewController.m in Sources */ = {isa = PBXBuildFile; fileRef = FEBEFF17180FD35E007C3D2C /* SFSlideNavViewController.m */; };
/* End PBXBuildFile section */

/* Begin PBXContainerItemProxy section */
		FE6842A3180E32DA0000E01C /* PBXContainerItemProxy */ = {
			isa = PBXContainerItemProxy;
			containerPortal = FE68427B180E32DA0000E01C /* Project object */;
			proxyType = 1;
			remoteGlobalIDString = FE684282180E32DA0000E01C;
			remoteInfo = Maomao;
		};
/* End PBXContainerItemProxy section */

/* Begin PBXFileReference section */
		FE684283180E32DA0000E01C /* Maomao.app */ = {isa = PBXFileReference; explicitFileType = wrapper.application; includeInIndex = 0; path = Maomao.app; sourceTree = BUILT_PRODUCTS_DIR; };
		FE684286180E32DA0000E01C /* Foundation.framework */ = {isa = PBXFileReference; lastKnownFileType = wrapper.framework; name = Foundation.framework; path = System/Library/Frameworks/Foundation.framework; sourceTree = SDKROOT; };
		FE684288180E32DA0000E01C /* CoreGraphics.framework */ = {isa = PBXFileReference; lastKnownFileType = wrapper.framework; name = CoreGraphics.framework; path = System/Library/Frameworks/CoreGraphics.framework; sourceTree = SDKROOT; };
		FE68428A180E32DA0000E01C /* UIKit.framework */ = {isa = PBXFileReference; lastKnownFileType = wrapper.framework; name = UIKit.framework; path = System/Library/Frameworks/UIKit.framework; sourceTree = SDKROOT; };
		FE68428E180E32DA0000E01C /* Maomao-Info.plist */ = {isa = PBXFileReference; lastKnownFileType = text.plist.xml; path = "Maomao-Info.plist"; sourceTree = "<group>"; };
		FE684290180E32DA0000E01C /* en */ = {isa = PBXFileReference; lastKnownFileType = text.plist.strings; name = en; path = en.lproj/InfoPlist.strings; sourceTree = "<group>"; };
		FE684292180E32DA0000E01C /* main.m */ = {isa = PBXFileReference; lastKnownFileType = sourcecode.c.objc; path = main.m; sourceTree = "<group>"; };
		FE684294180E32DA0000E01C /* Maomao-Prefix.pch */ = {isa = PBXFileReference; lastKnownFileType = sourcecode.c.h; path = "Maomao-Prefix.pch"; sourceTree = "<group>"; };
		FE684295180E32DA0000E01C /* MAppDelegate.h */ = {isa = PBXFileReference; lastKnownFileType = sourcecode.c.h; path = MAppDelegate.h; sourceTree = "<group>"; };
		FE684296180E32DA0000E01C /* MAppDelegate.m */ = {isa = PBXFileReference; lastKnownFileType = sourcecode.c.objc; path = MAppDelegate.m; sourceTree = "<group>"; };
		FE684298180E32DA0000E01C /* Images.xcassets */ = {isa = PBXFileReference; lastKnownFileType = folder.assetcatalog; path = Images.xcassets; sourceTree = "<group>"; };
		FE68429E180E32DA0000E01C /* MaomaoTests.xctest */ = {isa = PBXFileReference; explicitFileType = wrapper.cfbundle; includeInIndex = 0; path = MaomaoTests.xctest; sourceTree = BUILT_PRODUCTS_DIR; };
		FE68429F180E32DA0000E01C /* XCTest.framework */ = {isa = PBXFileReference; lastKnownFileType = wrapper.framework; name = XCTest.framework; path = Library/Frameworks/XCTest.framework; sourceTree = DEVELOPER_DIR; };
		FE6842A7180E32DA0000E01C /* MaomaoTests-Info.plist */ = {isa = PBXFileReference; lastKnownFileType = text.plist.xml; path = "MaomaoTests-Info.plist"; sourceTree = "<group>"; };
		FE6842A9180E32DA0000E01C /* en */ = {isa = PBXFileReference; lastKnownFileType = text.plist.strings; name = en; path = en.lproj/InfoPlist.strings; sourceTree = "<group>"; };
		FE6842AB180E32DA0000E01C /* MaomaoTests.m */ = {isa = PBXFileReference; lastKnownFileType = sourcecode.c.objc; path = MaomaoTests.m; sourceTree = "<group>"; };
		FE83A8BF180FB0CD0080396B /* MRootVC.h */ = {isa = PBXFileReference; fileEncoding = 4; lastKnownFileType = sourcecode.c.h; path = MRootVC.h; sourceTree = "<group>"; };
		FE83A8C0180FB0CD0080396B /* MRootVC.m */ = {isa = PBXFileReference; fileEncoding = 4; lastKnownFileType = sourcecode.c.objc; path = MRootVC.m; sourceTree = "<group>"; };
		FE83A8C2180FB3360080396B /* MConfig.h */ = {isa = PBXFileReference; lastKnownFileType = sourcecode.c.h; path = MConfig.h; sourceTree = "<group>"; };
		FE83A8C3180FB9F40080396B /* 1.png */ = {isa = PBXFileReference; lastKnownFileType = image.png; path = 1.png; sourceTree = "<group>"; };
		FE83A8C4180FB9F40080396B /* 2.png */ = {isa = PBXFileReference; lastKnownFileType = image.png; path = 2.png; sourceTree = "<group>"; };
		FE83A8C5180FB9F40080396B /* 3.png */ = {isa = PBXFileReference; lastKnownFileType = image.png; path = 3.png; sourceTree = "<group>"; };
		FE83A8C6180FB9F40080396B /* 4.png */ = {isa = PBXFileReference; lastKnownFileType = image.png; path = 4.png; sourceTree = "<group>"; };
		FE902A9A180F90AD00F60C71 /* ASIAuthenticationDialog.h */ = {isa = PBXFileReference; fileEncoding = 4; lastKnownFileType = sourcecode.c.h; path = ASIAuthenticationDialog.h; sourceTree = "<group>"; };
		FE902A9B180F90AD00F60C71 /* ASIAuthenticationDialog.m */ = {isa = PBXFileReference; fileEncoding = 4; lastKnownFileType = sourcecode.c.objc; path = ASIAuthenticationDialog.m; sourceTree = "<group>"; };
		FE902A9C180F90AD00F60C71 /* ASICacheDelegate.h */ = {isa = PBXFileReference; fileEncoding = 4; lastKnownFileType = sourcecode.c.h; path = ASICacheDelegate.h; sourceTree = "<group>"; };
		FE902A9D180F90AD00F60C71 /* ASIDataCompressor.h */ = {isa = PBXFileReference; fileEncoding = 4; lastKnownFileType = sourcecode.c.h; path = ASIDataCompressor.h; sourceTree = "<group>"; };
		FE902A9E180F90AD00F60C71 /* ASIDataCompressor.m */ = {isa = PBXFileReference; fileEncoding = 4; lastKnownFileType = sourcecode.c.objc; path = ASIDataCompressor.m; sourceTree = "<group>"; };
		FE902A9F180F90AD00F60C71 /* ASIDataDecompressor.h */ = {isa = PBXFileReference; fileEncoding = 4; lastKnownFileType = sourcecode.c.h; path = ASIDataDecompressor.h; sourceTree = "<group>"; };
		FE902AA0180F90AD00F60C71 /* ASIDataDecompressor.m */ = {isa = PBXFileReference; fileEncoding = 4; lastKnownFileType = sourcecode.c.objc; path = ASIDataDecompressor.m; sourceTree = "<group>"; };
		FE902AA1180F90AD00F60C71 /* ASIDownloadCache.h */ = {isa = PBXFileReference; fileEncoding = 4; lastKnownFileType = sourcecode.c.h; path = ASIDownloadCache.h; sourceTree = "<group>"; };
		FE902AA2180F90AD00F60C71 /* ASIDownloadCache.m */ = {isa = PBXFileReference; fileEncoding = 4; lastKnownFileType = sourcecode.c.objc; path = ASIDownloadCache.m; sourceTree = "<group>"; };
		FE902AA3180F90AD00F60C71 /* ASIFormDataRequest.h */ = {isa = PBXFileReference; fileEncoding = 4; lastKnownFileType = sourcecode.c.h; path = ASIFormDataRequest.h; sourceTree = "<group>"; };
		FE902AA4180F90AD00F60C71 /* ASIFormDataRequest.m */ = {isa = PBXFileReference; fileEncoding = 4; lastKnownFileType = sourcecode.c.objc; path = ASIFormDataRequest.m; sourceTree = "<group>"; };
		FE902AA5180F90AD00F60C71 /* ASIHTTPRequest.h */ = {isa = PBXFileReference; fileEncoding = 4; lastKnownFileType = sourcecode.c.h; path = ASIHTTPRequest.h; sourceTree = "<group>"; };
		FE902AA6180F90AD00F60C71 /* ASIHTTPRequest.m */ = {isa = PBXFileReference; fileEncoding = 4; lastKnownFileType = sourcecode.c.objc; path = ASIHTTPRequest.m; sourceTree = "<group>"; };
		FE902AA7180F90AD00F60C71 /* ASIHTTPRequestConfig.h */ = {isa = PBXFileReference; fileEncoding = 4; lastKnownFileType = sourcecode.c.h; path = ASIHTTPRequestConfig.h; sourceTree = "<group>"; };
		FE902AA8180F90AD00F60C71 /* ASIHTTPRequestDelegate.h */ = {isa = PBXFileReference; fileEncoding = 4; lastKnownFileType = sourcecode.c.h; path = ASIHTTPRequestDelegate.h; sourceTree = "<group>"; };
		FE902AA9180F90AD00F60C71 /* ASIInputStream.h */ = {isa = PBXFileReference; fileEncoding = 4; lastKnownFileType = sourcecode.c.h; path = ASIInputStream.h; sourceTree = "<group>"; };
		FE902AAA180F90AD00F60C71 /* ASIInputStream.m */ = {isa = PBXFileReference; fileEncoding = 4; lastKnownFileType = sourcecode.c.objc; path = ASIInputStream.m; sourceTree = "<group>"; };
		FE902AAB180F90AD00F60C71 /* ASINetworkQueue.h */ = {isa = PBXFileReference; fileEncoding = 4; lastKnownFileType = sourcecode.c.h; path = ASINetworkQueue.h; sourceTree = "<group>"; };
		FE902AAC180F90AD00F60C71 /* ASINetworkQueue.m */ = {isa = PBXFileReference; fileEncoding = 4; lastKnownFileType = sourcecode.c.objc; path = ASINetworkQueue.m; sourceTree = "<group>"; };
		FE902AAD180F90AD00F60C71 /* ASIProgressDelegate.h */ = {isa = PBXFileReference; fileEncoding = 4; lastKnownFileType = sourcecode.c.h; path = ASIProgressDelegate.h; sourceTree = "<group>"; };
		FE902AAF180F90AD00F60C71 /* Reachability.h */ = {isa = PBXFileReference; fileEncoding = 4; lastKnownFileType = sourcecode.c.h; path = Reachability.h; sourceTree = "<group>"; };
		FE902AB0180F90AD00F60C71 /* Reachability.m */ = {isa = PBXFileReference; fileEncoding = 4; lastKnownFileType = sourcecode.c.objc; path = Reachability.m; sourceTree = "<group>"; };
		FE902AB2180F90AD00F60C71 /* JSON.h */ = {isa = PBXFileReference; fileEncoding = 4; lastKnownFileType = sourcecode.c.h; path = JSON.h; sourceTree = "<group>"; };
		FE902AB3180F90AD00F60C71 /* NSObject+SBJSON.h */ = {isa = PBXFileReference; fileEncoding = 4; lastKnownFileType = sourcecode.c.h; path = "NSObject+SBJSON.h"; sourceTree = "<group>"; };
		FE902AB4180F90AD00F60C71 /* NSObject+SBJSON.m */ = {isa = PBXFileReference; fileEncoding = 4; lastKnownFileType = sourcecode.c.objc; path = "NSObject+SBJSON.m"; sourceTree = "<group>"; };
		FE902AB5180F90AD00F60C71 /* NSString+SBJSON.h */ = {isa = PBXFileReference; fileEncoding = 4; lastKnownFileType = sourcecode.c.h; path = "NSString+SBJSON.h"; sourceTree = "<group>"; };
		FE902AB6180F90AD00F60C71 /* NSString+SBJSON.m */ = {isa = PBXFileReference; fileEncoding = 4; lastKnownFileType = sourcecode.c.objc; path = "NSString+SBJSON.m"; sourceTree = "<group>"; };
		FE902AB7180F90AD00F60C71 /* SBJSON.h */ = {isa = PBXFileReference; fileEncoding = 4; lastKnownFileType = sourcecode.c.h; path = SBJSON.h; sourceTree = "<group>"; };
		FE902AB8180F90AD00F60C71 /* SBJSON.m */ = {isa = PBXFileReference; fileEncoding = 4; lastKnownFileType = sourcecode.c.objc; path = SBJSON.m; sourceTree = "<group>"; };
		FE902AB9180F90AD00F60C71 /* SBJsonBase.h */ = {isa = PBXFileReference; fileEncoding = 4; lastKnownFileType = sourcecode.c.h; path = SBJsonBase.h; sourceTree = "<group>"; };
		FE902ABA180F90AD00F60C71 /* SBJsonBase.m */ = {isa = PBXFileReference; fileEncoding = 4; lastKnownFileType = sourcecode.c.objc; path = SBJsonBase.m; sourceTree = "<group>"; };
		FE902ABB180F90AD00F60C71 /* SBJsonParser.h */ = {isa = PBXFileReference; fileEncoding = 4; lastKnownFileType = sourcecode.c.h; path = SBJsonParser.h; sourceTree = "<group>"; };
		FE902ABC180F90AD00F60C71 /* SBJsonParser.m */ = {isa = PBXFileReference; fileEncoding = 4; lastKnownFileType = sourcecode.c.objc; path = SBJsonParser.m; sourceTree = "<group>"; };
		FE902ABD180F90AD00F60C71 /* SBJsonWriter.h */ = {isa = PBXFileReference; fileEncoding = 4; lastKnownFileType = sourcecode.c.h; path = SBJsonWriter.h; sourceTree = "<group>"; };
		FE902ABE180F90AD00F60C71 /* SBJsonWriter.m */ = {isa = PBXFileReference; fileEncoding = 4; lastKnownFileType = sourcecode.c.objc; path = SBJsonWriter.m; sourceTree = "<group>"; };
		FE902AC0180F90AD00F60C71 /* blueArrow.png */ = {isa = PBXFileReference; lastKnownFileType = image.png; path = blueArrow.png; sourceTree = "<group>"; };
		FE902AC1180F90AD00F60C71 /* EGORefreshTableHeaderView.h */ = {isa = PBXFileReference; fileEncoding = 4; lastKnownFileType = sourcecode.c.h; path = EGORefreshTableHeaderView.h; sourceTree = "<group>"; };
		FE902AC2180F90AD00F60C71 /* EGORefreshTableHeaderView.m */ = {isa = PBXFileReference; fileEncoding = 4; lastKnownFileType = sourcecode.c.objc; path = EGORefreshTableHeaderView.m; sourceTree = "<group>"; };
		FE902AC3180F90AD00F60C71 /* GPPrompting.h */ = {isa = PBXFileReference; fileEncoding = 4; lastKnownFileType = sourcecode.c.h; path = GPPrompting.h; sourceTree = "<group>"; };
		FE902AC4180F90AD00F60C71 /* GPPrompting.m */ = {isa = PBXFileReference; fileEncoding = 4; lastKnownFileType = sourcecode.c.objc; path = GPPrompting.m; sourceTree = "<group>"; };
		FE902AC5180F90AD00F60C71 /* MBProgressHUD.h */ = {isa = PBXFileReference; fileEncoding = 4; lastKnownFileType = sourcecode.c.h; path = MBProgressHUD.h; sourceTree = "<group>"; };
		FE902AC6180F90AD00F60C71 /* MBProgressHUD.m */ = {isa = PBXFileReference; fileEncoding = 4; lastKnownFileType = sourcecode.c.objc; path = MBProgressHUD.m; sourceTree = "<group>"; };
		FE902AC7180F90AD00F60C71 /* Utils.h */ = {isa = PBXFileReference; fileEncoding = 4; lastKnownFileType = sourcecode.c.h; path = Utils.h; sourceTree = "<group>"; };
		FE902AC8180F90AD00F60C71 /* Utils.m */ = {isa = PBXFileReference; fileEncoding = 4; lastKnownFileType = sourcecode.c.objc; path = Utils.m; sourceTree = "<group>"; };
		FE902ACA180F90AD00F60C71 /* MKAnnotationView+WebCache.h */ = {isa = PBXFileReference; fileEncoding = 4; lastKnownFileType = sourcecode.c.h; path = "MKAnnotationView+WebCache.h"; sourceTree = "<group>"; };
		FE902ACB180F90AE00F60C71 /* MKAnnotationView+WebCache.m */ = {isa = PBXFileReference; fileEncoding = 4; lastKnownFileType = sourcecode.c.objc; path = "MKAnnotationView+WebCache.m"; sourceTree = "<group>"; };
		FE902ACC180F90AE00F60C71 /* SDImageCache.h */ = {isa = PBXFileReference; fileEncoding = 4; lastKnownFileType = sourcecode.c.h; path = SDImageCache.h; sourceTree = "<group>"; };
		FE902ACD180F90AE00F60C71 /* SDImageCache.m */ = {isa = PBXFileReference; fileEncoding = 4; lastKnownFileType = sourcecode.c.objc; path = SDImageCache.m; sourceTree = "<group>"; };
		FE902ACE180F90AE00F60C71 /* SDWebImageCompat.h */ = {isa = PBXFileReference; fileEncoding = 4; lastKnownFileType = sourcecode.c.h; path = SDWebImageCompat.h; sourceTree = "<group>"; };
		FE902ACF180F90AE00F60C71 /* SDWebImageCompat.m */ = {isa = PBXFileReference; fileEncoding = 4; lastKnownFileType = sourcecode.c.objc; path = SDWebImageCompat.m; sourceTree = "<group>"; };
		FE902AD0180F90AE00F60C71 /* SDWebImageDecoder.h */ = {isa = PBXFileReference; fileEncoding = 4; lastKnownFileType = sourcecode.c.h; path = SDWebImageDecoder.h; sourceTree = "<group>"; };
		FE902AD1180F90AE00F60C71 /* SDWebImageDecoder.m */ = {isa = PBXFileReference; fileEncoding = 4; lastKnownFileType = sourcecode.c.objc; path = SDWebImageDecoder.m; sourceTree = "<group>"; };
		FE902AD2180F90AE00F60C71 /* SDWebImageDownloader.h */ = {isa = PBXFileReference; fileEncoding = 4; lastKnownFileType = sourcecode.c.h; path = SDWebImageDownloader.h; sourceTree = "<group>"; };
		FE902AD3180F90AE00F60C71 /* SDWebImageDownloader.m */ = {isa = PBXFileReference; fileEncoding = 4; lastKnownFileType = sourcecode.c.objc; path = SDWebImageDownloader.m; sourceTree = "<group>"; };
		FE902AD4180F90AE00F60C71 /* SDWebImageDownloaderOperation.h */ = {isa = PBXFileReference; fileEncoding = 4; lastKnownFileType = sourcecode.c.h; path = SDWebImageDownloaderOperation.h; sourceTree = "<group>"; };
		FE902AD5180F90AE00F60C71 /* SDWebImageDownloaderOperation.m */ = {isa = PBXFileReference; fileEncoding = 4; lastKnownFileType = sourcecode.c.objc; path = SDWebImageDownloaderOperation.m; sourceTree = "<group>"; };
		FE902AD6180F90AE00F60C71 /* SDWebImageManager.h */ = {isa = PBXFileReference; fileEncoding = 4; lastKnownFileType = sourcecode.c.h; path = SDWebImageManager.h; sourceTree = "<group>"; };
		FE902AD7180F90AE00F60C71 /* SDWebImageManager.m */ = {isa = PBXFileReference; fileEncoding = 4; lastKnownFileType = sourcecode.c.objc; path = SDWebImageManager.m; sourceTree = "<group>"; };
		FE902AD8180F90AE00F60C71 /* SDWebImageOperation.h */ = {isa = PBXFileReference; fileEncoding = 4; lastKnownFileType = sourcecode.c.h; path = SDWebImageOperation.h; sourceTree = "<group>"; };
		FE902AD9180F90AE00F60C71 /* SDWebImagePrefetcher.h */ = {isa = PBXFileReference; fileEncoding = 4; lastKnownFileType = sourcecode.c.h; path = SDWebImagePrefetcher.h; sourceTree = "<group>"; };
		FE902ADA180F90AE00F60C71 /* SDWebImagePrefetcher.m */ = {isa = PBXFileReference; fileEncoding = 4; lastKnownFileType = sourcecode.c.objc; path = SDWebImagePrefetcher.m; sourceTree = "<group>"; };
		FE902ADB180F90AE00F60C71 /* UIButton+WebCache.h */ = {isa = PBXFileReference; fileEncoding = 4; lastKnownFileType = sourcecode.c.h; path = "UIButton+WebCache.h"; sourceTree = "<group>"; };
		FE902ADC180F90AE00F60C71 /* UIButton+WebCache.m */ = {isa = PBXFileReference; fileEncoding = 4; lastKnownFileType = sourcecode.c.objc; path = "UIButton+WebCache.m"; sourceTree = "<group>"; };
		FE902ADD180F90AE00F60C71 /* UIImageView+WebCache.h */ = {isa = PBXFileReference; fileEncoding = 4; lastKnownFileType = sourcecode.c.h; path = "UIImageView+WebCache.h"; sourceTree = "<group>"; };
		FE902ADE180F90AE00F60C71 /* UIImageView+WebCache.m */ = {isa = PBXFileReference; fileEncoding = 4; lastKnownFileType = sourcecode.c.objc; path = "UIImageView+WebCache.m"; sourceTree = "<group>"; };
		FE902AFE180F913C00F60C71 /* CFNetwork.framework */ = {isa = PBXFileReference; lastKnownFileType = wrapper.framework; name = CFNetwork.framework; path = System/Library/Frameworks/CFNetwork.framework; sourceTree = SDKROOT; };
		FE902B00180F914800F60C71 /* MobileCoreServices.framework */ = {isa = PBXFileReference; lastKnownFileType = wrapper.framework; name = MobileCoreServices.framework; path = System/Library/Frameworks/MobileCoreServices.framework; sourceTree = SDKROOT; };
		FE902B02180F915100F60C71 /* SystemConfiguration.framework */ = {isa = PBXFileReference; lastKnownFileType = wrapper.framework; name = SystemConfiguration.framework; path = System/Library/Frameworks/SystemConfiguration.framework; sourceTree = SDKROOT; };
		FE902B04180F916C00F60C71 /* ImageIO.framework */ = {isa = PBXFileReference; lastKnownFileType = wrapper.framework; name = ImageIO.framework; path = System/Library/Frameworks/ImageIO.framework; sourceTree = SDKROOT; };
		FE902B06180F917600F60C71 /* MapKit.framework */ = {isa = PBXFileReference; lastKnownFileType = wrapper.framework; name = MapKit.framework; path = System/Library/Frameworks/MapKit.framework; sourceTree = SDKROOT; };
		FE902B08180F91D900F60C71 /* libz.dylib */ = {isa = PBXFileReference; lastKnownFileType = "compiled.mach-o.dylib"; name = libz.dylib; path = usr/lib/libz.dylib; sourceTree = SDKROOT; };
		FEBEFEF4180FC867007C3D2C /* MBackBtn.h */ = {isa = PBXFileReference; fileEncoding = 4; lastKnownFileType = sourcecode.c.h; path = MBackBtn.h; sourceTree = "<group>"; };
		FEBEFEF5180FC867007C3D2C /* MBackBtn.m */ = {isa = PBXFileReference; fileEncoding = 4; lastKnownFileType = sourcecode.c.objc; path = MBackBtn.m; sourceTree = "<group>"; };
		FEBEFEF7180FC878007C3D2C /* MRightBtn.h */ = {isa = PBXFileReference; fileEncoding = 4; lastKnownFileType = sourcecode.c.h; path = MRightBtn.h; sourceTree = "<group>"; };
		FEBEFEF8180FC878007C3D2C /* MRightBtn.m */ = {isa = PBXFileReference; fileEncoding = 4; lastKnownFileType = sourcecode.c.objc; path = MRightBtn.m; sourceTree = "<group>"; };
		FEBEFEFA180FC8A2007C3D2C /* MTitleView.h */ = {isa = PBXFileReference; fileEncoding = 4; lastKnownFileType = sourcecode.c.h; path = MTitleView.h; sourceTree = "<group>"; };
		FEBEFEFB180FC8A2007C3D2C /* MTitleView.m */ = {isa = PBXFileReference; fileEncoding = 4; lastKnownFileType = sourcecode.c.objc; path = MTitleView.m; sourceTree = "<group>"; };
		FEBEFF01180FC97C007C3D2C /* MBarListCell.h */ = {isa = PBXFileReference; fileEncoding = 4; lastKnownFileType = sourcecode.c.h; path = MBarListCell.h; sourceTree = "<group>"; };
		FEBEFF02180FC97C007C3D2C /* MBarListCell.m */ = {isa = PBXFileReference; fileEncoding = 4; lastKnownFileType = sourcecode.c.objc; path = MBarListCell.m; sourceTree = "<group>"; };
		FEBEFF04180FCD67007C3D2C /* MHomeVC.h */ = {isa = PBXFileReference; fileEncoding = 4; lastKnownFileType = sourcecode.c.h; path = MHomeVC.h; sourceTree = "<group>"; };
		FEBEFF05180FCD67007C3D2C /* MHomeVC.m */ = {isa = PBXFileReference; fileEncoding = 4; lastKnownFileType = sourcecode.c.objc; path = MHomeVC.m; sourceTree = "<group>"; };
		FEBEFF07180FCDCA007C3D2C /* MSettingVC.h */ = {isa = PBXFileReference; fileEncoding = 4; lastKnownFileType = sourcecode.c.h; path = MSettingVC.h; sourceTree = "<group>"; };
		FEBEFF08180FCDCA007C3D2C /* MSettingVC.m */ = {isa = PBXFileReference; fileEncoding = 4; lastKnownFileType = sourcecode.c.objc; path = MSettingVC.m; sourceTree = "<group>"; };
		FEBEFF0A180FCDF9007C3D2C /* MMessageVC.h */ = {isa = PBXFileReference; fileEncoding = 4; lastKnownFileType = sourcecode.c.h; path = MMessageVC.h; sourceTree = "<group>"; };
		FEBEFF0B180FCDF9007C3D2C /* MMessageVC.m */ = {isa = PBXFileReference; fileEncoding = 4; lastKnownFileType = sourcecode.c.objc; path = MMessageVC.m; sourceTree = "<group>"; };
		FEBEFF0D180FCE7C007C3D2C /* MCollectVC.h */ = {isa = PBXFileReference; fileEncoding = 4; lastKnownFileType = sourcecode.c.h; path = MCollectVC.h; sourceTree = "<group>"; };
		FEBEFF0E180FCE7C007C3D2C /* MCollectVC.m */ = {isa = PBXFileReference; fileEncoding = 4; lastKnownFileType = sourcecode.c.objc; path = MCollectVC.m; sourceTree = "<group>"; };
		FEBEFF10180FD00C007C3D2C /* MLoginVC.h */ = {isa = PBXFileReference; fileEncoding = 4; lastKnownFileType = sourcecode.c.h; path = MLoginVC.h; sourceTree = "<group>"; };
		FEBEFF11180FD00C007C3D2C /* MLoginVC.m */ = {isa = PBXFileReference; fileEncoding = 4; lastKnownFileType = sourcecode.c.objc; path = MLoginVC.m; sourceTree = "<group>"; };
		FEBEFF13180FD028007C3D2C /* MRegisterVC.h */ = {isa = PBXFileReference; fileEncoding = 4; lastKnownFileType = sourcecode.c.h; path = MRegisterVC.h; sourceTree = "<group>"; };
		FEBEFF14180FD028007C3D2C /* MRegisterVC.m */ = {isa = PBXFileReference; fileEncoding = 4; lastKnownFileType = sourcecode.c.objc; path = MRegisterVC.m; sourceTree = "<group>"; };
		FEBEFF16180FD35E007C3D2C /* SFSlideNavViewController.h */ = {isa = PBXFileReference; fileEncoding = 4; lastKnownFileType = sourcecode.c.h; path = SFSlideNavViewController.h; sourceTree = "<group>"; };
		FEBEFF17180FD35E007C3D2C /* SFSlideNavViewController.m */ = {isa = PBXFileReference; fileEncoding = 4; lastKnownFileType = sourcecode.c.objc; path = SFSlideNavViewController.m; sourceTree = "<group>"; };
/* End PBXFileReference section */

/* Begin PBXFrameworksBuildPhase section */
		FE684280180E32DA0000E01C /* Frameworks */ = {
			isa = PBXFrameworksBuildPhase;
			buildActionMask = 2147483647;
			files = (
				FE902B09180F91D900F60C71 /* libz.dylib in Frameworks */,
				FE902B07180F917600F60C71 /* MapKit.framework in Frameworks */,
				FE902B05180F916C00F60C71 /* ImageIO.framework in Frameworks */,
				FE902B03180F915100F60C71 /* SystemConfiguration.framework in Frameworks */,
				FE902B01180F914800F60C71 /* MobileCoreServices.framework in Frameworks */,
				FE902AFF180F913C00F60C71 /* CFNetwork.framework in Frameworks */,
				FE684289180E32DA0000E01C /* CoreGraphics.framework in Frameworks */,
				FE68428B180E32DA0000E01C /* UIKit.framework in Frameworks */,
				FE684287180E32DA0000E01C /* Foundation.framework in Frameworks */,
			);
			runOnlyForDeploymentPostprocessing = 0;
		};
		FE68429B180E32DA0000E01C /* Frameworks */ = {
			isa = PBXFrameworksBuildPhase;
			buildActionMask = 2147483647;
			files = (
				FE6842A0180E32DA0000E01C /* XCTest.framework in Frameworks */,
				FE6842A2180E32DA0000E01C /* UIKit.framework in Frameworks */,
				FE6842A1180E32DA0000E01C /* Foundation.framework in Frameworks */,
			);
			runOnlyForDeploymentPostprocessing = 0;
		};
/* End PBXFrameworksBuildPhase section */

/* Begin PBXGroup section */
		FE68427A180E32DA0000E01C = {
			isa = PBXGroup;
			children = (
				FE902AFD180F90E300F60C71 /* Image */,
				FE6842B7180E39110000E01C /* Class */,
				FE6842B8180E39110000E01C /* OpenSource */,
				FE68428C180E32DA0000E01C /* Maomao */,
				FE6842A5180E32DA0000E01C /* MaomaoTests */,
				FE684285180E32DA0000E01C /* Frameworks */,
				FE684284180E32DA0000E01C /* Products */,
			);
			sourceTree = "<group>";
		};
		FE684284180E32DA0000E01C /* Products */ = {
			isa = PBXGroup;
			children = (
				FE684283180E32DA0000E01C /* Maomao.app */,
				FE68429E180E32DA0000E01C /* MaomaoTests.xctest */,
			);
			name = Products;
			sourceTree = "<group>";
		};
		FE684285180E32DA0000E01C /* Frameworks */ = {
			isa = PBXGroup;
			children = (
				FE902B08180F91D900F60C71 /* libz.dylib */,
				FE902B06180F917600F60C71 /* MapKit.framework */,
				FE902B04180F916C00F60C71 /* ImageIO.framework */,
				FE902B02180F915100F60C71 /* SystemConfiguration.framework */,
				FE902B00180F914800F60C71 /* MobileCoreServices.framework */,
				FE902AFE180F913C00F60C71 /* CFNetwork.framework */,
				FE684286180E32DA0000E01C /* Foundation.framework */,
				FE684288180E32DA0000E01C /* CoreGraphics.framework */,
				FE68428A180E32DA0000E01C /* UIKit.framework */,
				FE68429F180E32DA0000E01C /* XCTest.framework */,
			);
			name = Frameworks;
			sourceTree = "<group>";
		};
		FE68428C180E32DA0000E01C /* Maomao */ = {
			isa = PBXGroup;
			children = (
				FE684295180E32DA0000E01C /* MAppDelegate.h */,
				FE684296180E32DA0000E01C /* MAppDelegate.m */,
				FE684298180E32DA0000E01C /* Images.xcassets */,
				FE68428D180E32DA0000E01C /* Supporting Files */,
			);
			path = Maomao;
			sourceTree = "<group>";
		};
		FE68428D180E32DA0000E01C /* Supporting Files */ = {
			isa = PBXGroup;
			children = (
				FE68428E180E32DA0000E01C /* Maomao-Info.plist */,
				FE68428F180E32DA0000E01C /* InfoPlist.strings */,
				FE684292180E32DA0000E01C /* main.m */,
				FE684294180E32DA0000E01C /* Maomao-Prefix.pch */,
			);
			name = "Supporting Files";
			sourceTree = "<group>";
		};
		FE6842A5180E32DA0000E01C /* MaomaoTests */ = {
			isa = PBXGroup;
			children = (
				FE6842AB180E32DA0000E01C /* MaomaoTests.m */,
				FE6842A6180E32DA0000E01C /* Supporting Files */,
			);
			path = MaomaoTests;
			sourceTree = "<group>";
		};
		FE6842A6180E32DA0000E01C /* Supporting Files */ = {
			isa = PBXGroup;
			children = (
				FE6842A7180E32DA0000E01C /* MaomaoTests-Info.plist */,
				FE6842A8180E32DA0000E01C /* InfoPlist.strings */,
			);
			name = "Supporting Files";
			sourceTree = "<group>";
		};
		FE6842B7180E39110000E01C /* Class */ = {
			isa = PBXGroup;
			children = (
				FE902A95180F905300F60C71 /* Common */,
				FE902A96180F905300F60C71 /* Model */,
				FE902A97180F905300F60C71 /* Support */,
				FE902A98180F905300F60C71 /* Views */,
				FE7C681D180E6FD600DDD995 /* ViewControllers */,
			);
			path = Class;
			sourceTree = "<group>";
		};
		FE6842B8180E39110000E01C /* OpenSource */ = {
			isa = PBXGroup;
			children = (
				FE902A99180F90AD00F60C71 /* ASI */,
				FE902AB1180F90AD00F60C71 /* JSON */,
				FE902ABF180F90AD00F60C71 /* OtherCommon */,
				FE902AC9180F90AD00F60C71 /* SDWebImage */,
			);
			path = OpenSource;
			sourceTree = "<group>";
		};
		FE7C681D180E6FD600DDD995 /* ViewControllers */ = {
			isa = PBXGroup;
			children = (
				FE7C681E180E6FD600DDD995 /* Nav */,
				FE83A8BF180FB0CD0080396B /* MRootVC.h */,
				FE83A8C0180FB0CD0080396B /* MRootVC.m */,
				FEBEFF04180FCD67007C3D2C /* MHomeVC.h */,
				FEBEFF05180FCD67007C3D2C /* MHomeVC.m */,
				FEBEFF0D180FCE7C007C3D2C /* MCollectVC.h */,
				FEBEFF0E180FCE7C007C3D2C /* MCollectVC.m */,
				FEBEFF0A180FCDF9007C3D2C /* MMessageVC.h */,
				FEBEFF0B180FCDF9007C3D2C /* MMessageVC.m */,
				FEBEFF07180FCDCA007C3D2C /* MSettingVC.h */,
				FEBEFF08180FCDCA007C3D2C /* MSettingVC.m */,
				FEBEFF10180FD00C007C3D2C /* MLoginVC.h */,
				FEBEFF11180FD00C007C3D2C /* MLoginVC.m */,
				FEBEFF13180FD028007C3D2C /* MRegisterVC.h */,
				FEBEFF14180FD028007C3D2C /* MRegisterVC.m */,
			);
			path = ViewControllers;
			sourceTree = "<group>";
		};
		FE7C681E180E6FD600DDD995 /* Nav */ = {
			isa = PBXGroup;
			children = (
				FEBEFF16180FD35E007C3D2C /* SFSlideNavViewController.h */,
				FEBEFF17180FD35E007C3D2C /* SFSlideNavViewController.m */,
			);
			path = Nav;
			sourceTree = "<group>";
		};
		FE902A95180F905300F60C71 /* Common */ = {
			isa = PBXGroup;
			children = (
				FE83A8C2180FB3360080396B /* MConfig.h */,
				FEBEFEF4180FC867007C3D2C /* MBackBtn.h */,
				FEBEFEF5180FC867007C3D2C /* MBackBtn.m */,
				FEBEFEF7180FC878007C3D2C /* MRightBtn.h */,
				FEBEFEF8180FC878007C3D2C /* MRightBtn.m */,
				FEBEFEFA180FC8A2007C3D2C /* MTitleView.h */,
				FEBEFEFB180FC8A2007C3D2C /* MTitleView.m */,
			);
			path = Common;
			sourceTree = "<group>";
		};
		FE902A96180F905300F60C71 /* Model */ = {
			isa = PBXGroup;
			children = (
			);
			path = Model;
			sourceTree = "<group>";
		};
		FE902A97180F905300F60C71 /* Support */ = {
			isa = PBXGroup;
			children = (
			);
			path = Support;
			sourceTree = "<group>";
		};
		FE902A98180F905300F60C71 /* Views */ = {
			isa = PBXGroup;
			children = (
				FEBEFF00180FC97C007C3D2C /* Bar */,
			);
			path = Views;
			sourceTree = "<group>";
		};
		FE902A99180F90AD00F60C71 /* ASI */ = {
			isa = PBXGroup;
			children = (
				FE902A9A180F90AD00F60C71 /* ASIAuthenticationDialog.h */,
				FE902A9B180F90AD00F60C71 /* ASIAuthenticationDialog.m */,
				FE902A9C180F90AD00F60C71 /* ASICacheDelegate.h */,
				FE902A9D180F90AD00F60C71 /* ASIDataCompressor.h */,
				FE902A9E180F90AD00F60C71 /* ASIDataCompressor.m */,
				FE902A9F180F90AD00F60C71 /* ASIDataDecompressor.h */,
				FE902AA0180F90AD00F60C71 /* ASIDataDecompressor.m */,
				FE902AA1180F90AD00F60C71 /* ASIDownloadCache.h */,
				FE902AA2180F90AD00F60C71 /* ASIDownloadCache.m */,
				FE902AA3180F90AD00F60C71 /* ASIFormDataRequest.h */,
				FE902AA4180F90AD00F60C71 /* ASIFormDataRequest.m */,
				FE902AA5180F90AD00F60C71 /* ASIHTTPRequest.h */,
				FE902AA6180F90AD00F60C71 /* ASIHTTPRequest.m */,
				FE902AA7180F90AD00F60C71 /* ASIHTTPRequestConfig.h */,
				FE902AA8180F90AD00F60C71 /* ASIHTTPRequestDelegate.h */,
				FE902AA9180F90AD00F60C71 /* ASIInputStream.h */,
				FE902AAA180F90AD00F60C71 /* ASIInputStream.m */,
				FE902AAB180F90AD00F60C71 /* ASINetworkQueue.h */,
				FE902AAC180F90AD00F60C71 /* ASINetworkQueue.m */,
				FE902AAD180F90AD00F60C71 /* ASIProgressDelegate.h */,
				FE902AAE180F90AD00F60C71 /* Reachability */,
			);
			path = ASI;
			sourceTree = "<group>";
		};
		FE902AAE180F90AD00F60C71 /* Reachability */ = {
			isa = PBXGroup;
			children = (
				FE902AAF180F90AD00F60C71 /* Reachability.h */,
				FE902AB0180F90AD00F60C71 /* Reachability.m */,
			);
			path = Reachability;
			sourceTree = "<group>";
		};
		FE902AB1180F90AD00F60C71 /* JSON */ = {
			isa = PBXGroup;
			children = (
				FE902AB2180F90AD00F60C71 /* JSON.h */,
				FE902AB3180F90AD00F60C71 /* NSObject+SBJSON.h */,
				FE902AB4180F90AD00F60C71 /* NSObject+SBJSON.m */,
				FE902AB5180F90AD00F60C71 /* NSString+SBJSON.h */,
				FE902AB6180F90AD00F60C71 /* NSString+SBJSON.m */,
				FE902AB7180F90AD00F60C71 /* SBJSON.h */,
				FE902AB8180F90AD00F60C71 /* SBJSON.m */,
				FE902AB9180F90AD00F60C71 /* SBJsonBase.h */,
				FE902ABA180F90AD00F60C71 /* SBJsonBase.m */,
				FE902ABB180F90AD00F60C71 /* SBJsonParser.h */,
				FE902ABC180F90AD00F60C71 /* SBJsonParser.m */,
				FE902ABD180F90AD00F60C71 /* SBJsonWriter.h */,
				FE902ABE180F90AD00F60C71 /* SBJsonWriter.m */,
			);
			path = JSON;
			sourceTree = "<group>";
		};
		FE902ABF180F90AD00F60C71 /* OtherCommon */ = {
			isa = PBXGroup;
			children = (
				FE902AC0180F90AD00F60C71 /* blueArrow.png */,
				FE902AC1180F90AD00F60C71 /* EGORefreshTableHeaderView.h */,
				FE902AC2180F90AD00F60C71 /* EGORefreshTableHeaderView.m */,
				FE902AC3180F90AD00F60C71 /* GPPrompting.h */,
				FE902AC4180F90AD00F60C71 /* GPPrompting.m */,
				FE902AC5180F90AD00F60C71 /* MBProgressHUD.h */,
				FE902AC6180F90AD00F60C71 /* MBProgressHUD.m */,
				FE902AC7180F90AD00F60C71 /* Utils.h */,
				FE902AC8180F90AD00F60C71 /* Utils.m */,
			);
			path = OtherCommon;
			sourceTree = "<group>";
		};
		FE902AC9180F90AD00F60C71 /* SDWebImage */ = {
			isa = PBXGroup;
			children = (
				FE902ACA180F90AD00F60C71 /* MKAnnotationView+WebCache.h */,
				FE902ACB180F90AE00F60C71 /* MKAnnotationView+WebCache.m */,
				FE902ACC180F90AE00F60C71 /* SDImageCache.h */,
				FE902ACD180F90AE00F60C71 /* SDImageCache.m */,
				FE902ACE180F90AE00F60C71 /* SDWebImageCompat.h */,
				FE902ACF180F90AE00F60C71 /* SDWebImageCompat.m */,
				FE902AD0180F90AE00F60C71 /* SDWebImageDecoder.h */,
				FE902AD1180F90AE00F60C71 /* SDWebImageDecoder.m */,
				FE902AD2180F90AE00F60C71 /* SDWebImageDownloader.h */,
				FE902AD3180F90AE00F60C71 /* SDWebImageDownloader.m */,
				FE902AD4180F90AE00F60C71 /* SDWebImageDownloaderOperation.h */,
				FE902AD5180F90AE00F60C71 /* SDWebImageDownloaderOperation.m */,
				FE902AD6180F90AE00F60C71 /* SDWebImageManager.h */,
				FE902AD7180F90AE00F60C71 /* SDWebImageManager.m */,
				FE902AD8180F90AE00F60C71 /* SDWebImageOperation.h */,
				FE902AD9180F90AE00F60C71 /* SDWebImagePrefetcher.h */,
				FE902ADA180F90AE00F60C71 /* SDWebImagePrefetcher.m */,
				FE902ADB180F90AE00F60C71 /* UIButton+WebCache.h */,
				FE902ADC180F90AE00F60C71 /* UIButton+WebCache.m */,
				FE902ADD180F90AE00F60C71 /* UIImageView+WebCache.h */,
				FE902ADE180F90AE00F60C71 /* UIImageView+WebCache.m */,
			);
			path = SDWebImage;
			sourceTree = "<group>";
		};
		FE902AFD180F90E300F60C71 /* Image */ = {
			isa = PBXGroup;
			children = (
				FE83A8C3180FB9F40080396B /* 1.png */,
				FE83A8C4180FB9F40080396B /* 2.png */,
				FE83A8C5180FB9F40080396B /* 3.png */,
				FE83A8C6180FB9F40080396B /* 4.png */,
			);
			path = Image;
			sourceTree = "<group>";
		};
		FEBEFF00180FC97C007C3D2C /* Bar */ = {
			isa = PBXGroup;
			children = (
				FEBEFF01180FC97C007C3D2C /* MBarListCell.h */,
				FEBEFF02180FC97C007C3D2C /* MBarListCell.m */,
			);
			path = Bar;
			sourceTree = "<group>";
		};
/* End PBXGroup section */

/* Begin PBXNativeTarget section */
		FE684282180E32DA0000E01C /* Maomao */ = {
			isa = PBXNativeTarget;
			buildConfigurationList = FE6842AF180E32DA0000E01C /* Build configuration list for PBXNativeTarget "Maomao" */;
			buildPhases = (
				FE68427F180E32DA0000E01C /* Sources */,
				FE684280180E32DA0000E01C /* Frameworks */,
				FE684281180E32DA0000E01C /* Resources */,
			);
			buildRules = (
			);
			dependencies = (
			);
			name = Maomao;
			productName = Maomao;
			productReference = FE684283180E32DA0000E01C /* Maomao.app */;
			productType = "com.apple.product-type.application";
		};
		FE68429D180E32DA0000E01C /* MaomaoTests */ = {
			isa = PBXNativeTarget;
			buildConfigurationList = FE6842B2180E32DA0000E01C /* Build configuration list for PBXNativeTarget "MaomaoTests" */;
			buildPhases = (
				FE68429A180E32DA0000E01C /* Sources */,
				FE68429B180E32DA0000E01C /* Frameworks */,
				FE68429C180E32DA0000E01C /* Resources */,
			);
			buildRules = (
			);
			dependencies = (
				FE6842A4180E32DA0000E01C /* PBXTargetDependency */,
			);
			name = MaomaoTests;
			productName = MaomaoTests;
			productReference = FE68429E180E32DA0000E01C /* MaomaoTests.xctest */;
			productType = "com.apple.product-type.bundle.unit-test";
		};
/* End PBXNativeTarget section */

/* Begin PBXProject section */
		FE68427B180E32DA0000E01C /* Project object */ = {
			isa = PBXProject;
			attributes = {
				CLASSPREFIX = M;
				LastUpgradeCheck = 0500;
				ORGANIZATIONNAME = BangQu;
				TargetAttributes = {
					FE68429D180E32DA0000E01C = {
						TestTargetID = FE684282180E32DA0000E01C;
					};
				};
			};
			buildConfigurationList = FE68427E180E32DA0000E01C /* Build configuration list for PBXProject "Maomao" */;
			compatibilityVersion = "Xcode 3.2";
			developmentRegion = English;
			hasScannedForEncodings = 0;
			knownRegions = (
				en,
			);
			mainGroup = FE68427A180E32DA0000E01C;
			productRefGroup = FE684284180E32DA0000E01C /* Products */;
			projectDirPath = "";
			projectRoot = "";
			targets = (
				FE684282180E32DA0000E01C /* Maomao */,
				FE68429D180E32DA0000E01C /* MaomaoTests */,
			);
		};
/* End PBXProject section */

/* Begin PBXResourcesBuildPhase section */
		FE684281180E32DA0000E01C /* Resources */ = {
			isa = PBXResourcesBuildPhase;
			buildActionMask = 2147483647;
			files = (
				FE902AEE180F90AE00F60C71 /* blueArrow.png in Resources */,
				FE83A8CA180FB9F40080396B /* 4.png in Resources */,
				FE83A8C7180FB9F40080396B /* 1.png in Resources */,
				FE83A8C8180FB9F40080396B /* 2.png in Resources */,
				FE83A8C9180FB9F40080396B /* 3.png in Resources */,
				FE684291180E32DA0000E01C /* InfoPlist.strings in Resources */,
				FE684299180E32DA0000E01C /* Images.xcassets in Resources */,
			);
			runOnlyForDeploymentPostprocessing = 0;
		};
		FE68429C180E32DA0000E01C /* Resources */ = {
			isa = PBXResourcesBuildPhase;
			buildActionMask = 2147483647;
			files = (
				FE6842AA180E32DA0000E01C /* InfoPlist.strings in Resources */,
			);
			runOnlyForDeploymentPostprocessing = 0;
		};
/* End PBXResourcesBuildPhase section */

/* Begin PBXSourcesBuildPhase section */
		FE68427F180E32DA0000E01C /* Sources */ = {
			isa = PBXSourcesBuildPhase;
			buildActionMask = 2147483647;
			files = (
				FEBEFF12180FD00C007C3D2C /* MLoginVC.m in Sources */,
				FE902AF6180F90AE00F60C71 /* SDWebImageDecoder.m in Sources */,
				FE902AE0180F90AE00F60C71 /* ASIDataCompressor.m in Sources */,
				FE902AF2180F90AE00F60C71 /* Utils.m in Sources */,
				FE902AEB180F90AE00F60C71 /* SBJsonBase.m in Sources */,
				FE684297180E32DA0000E01C /* MAppDelegate.m in Sources */,
				FE902AE4180F90AE00F60C71 /* ASIHTTPRequest.m in Sources */,
				FE902ADF180F90AE00F60C71 /* ASIAuthenticationDialog.m in Sources */,
				FE902AE3180F90AE00F60C71 /* ASIFormDataRequest.m in Sources */,
				FE902AF5180F90AE00F60C71 /* SDWebImageCompat.m in Sources */,
				FE902AF4180F90AE00F60C71 /* SDImageCache.m in Sources */,
				FE902AFC180F90AE00F60C71 /* UIImageView+WebCache.m in Sources */,
				FEBEFF18180FD35E007C3D2C /* SFSlideNavViewController.m in Sources */,
				FEBEFF0F180FCE7C007C3D2C /* MCollectVC.m in Sources */,
				FE902AF7180F90AE00F60C71 /* SDWebImageDownloader.m in Sources */,
				FE684293180E32DA0000E01C /* main.m in Sources */,
				FE902AFB180F90AE00F60C71 /* UIButton+WebCache.m in Sources */,
				FE902AE5180F90AE00F60C71 /* ASIInputStream.m in Sources */,
				FE902AEF180F90AE00F60C71 /* EGORefreshTableHeaderView.m in Sources */,
				FE902AE6180F90AE00F60C71 /* ASINetworkQueue.m in Sources */,
				FE902AEC180F90AE00F60C71 /* SBJsonParser.m in Sources */,
				FE902AEA180F90AE00F60C71 /* SBJSON.m in Sources */,
				FEBEFF09180FCDCA007C3D2C /* MSettingVC.m in Sources */,
				FE902AF8180F90AE00F60C71 /* SDWebImageDownloaderOperation.m in Sources */,
				FE902AF1180F90AE00F60C71 /* MBProgressHUD.m in Sources */,
				FE902AE1180F90AE00F60C71 /* ASIDataDecompressor.m in Sources */,
				FE902AFA180F90AE00F60C71 /* SDWebImagePrefetcher.m in Sources */,
				FE902AF9180F90AE00F60C71 /* SDWebImageManager.m in Sources */,
				FEBEFF06180FCD67007C3D2C /* MHomeVC.m in Sources */,
				FE83A8C1180FB0CD0080396B /* MRootVC.m in Sources */,
				FEBEFEF9180FC878007C3D2C /* MRightBtn.m in Sources */,
				FE902AED180F90AE00F60C71 /* SBJsonWriter.m in Sources */,
				FE902AF3180F90AE00F60C71 /* MKAnnotationView+WebCache.m in Sources */,
				FE902AF0180F90AE00F60C71 /* GPPrompting.m in Sources */,
				FE902AE7180F90AE00F60C71 /* Reachability.m in Sources */,
				FEBEFEF6180FC867007C3D2C /* MBackBtn.m in Sources */,
				FE902AE8180F90AE00F60C71 /* NSObject+SBJSON.m in Sources */,
				FEBEFEFC180FC8A2007C3D2C /* MTitleView.m in Sources */,
				FE902AE9180F90AE00F60C71 /* NSString+SBJSON.m in Sources */,
				FE902AE2180F90AE00F60C71 /* ASIDownloadCache.m in Sources */,
				FEBEFF15180FD028007C3D2C /* MRegisterVC.m in Sources */,
				FEBEFF0C180FCDF9007C3D2C /* MMessageVC.m in Sources */,
				FEBEFF03180FC97C007C3D2C /* MBarListCell.m in Sources */,
			);
			runOnlyForDeploymentPostprocessing = 0;
		};
		FE68429A180E32DA0000E01C /* Sources */ = {
			isa = PBXSourcesBuildPhase;
			buildActionMask = 2147483647;
			files = (
				FE6842AC180E32DA0000E01C /* MaomaoTests.m in Sources */,
			);
			runOnlyForDeploymentPostprocessing = 0;
		};
/* End PBXSourcesBuildPhase section */

/* Begin PBXTargetDependency section */
		FE6842A4180E32DA0000E01C /* PBXTargetDependency */ = {
			isa = PBXTargetDependency;
			target = FE684282180E32DA0000E01C /* Maomao */;
			targetProxy = FE6842A3180E32DA0000E01C /* PBXContainerItemProxy */;
		};
/* End PBXTargetDependency section */

/* Begin PBXVariantGroup section */
		FE68428F180E32DA0000E01C /* InfoPlist.strings */ = {
			isa = PBXVariantGroup;
			children = (
				FE684290180E32DA0000E01C /* en */,
			);
			name = InfoPlist.strings;
			sourceTree = "<group>";
		};
		FE6842A8180E32DA0000E01C /* InfoPlist.strings */ = {
			isa = PBXVariantGroup;
			children = (
				FE6842A9180E32DA0000E01C /* en */,
			);
			name = InfoPlist.strings;
			sourceTree = "<group>";
		};
/* End PBXVariantGroup section */

/* Begin XCBuildConfiguration section */
		FE6842AD180E32DA0000E01C /* Debug */ = {
			isa = XCBuildConfiguration;
			buildSettings = {
				ALWAYS_SEARCH_USER_PATHS = NO;
				ARCHS = "$(ARCHS_STANDARD_INCLUDING_64_BIT)";
				CLANG_CXX_LANGUAGE_STANDARD = "gnu++0x";
				CLANG_CXX_LIBRARY = "libc++";
				CLANG_ENABLE_MODULES = YES;
				CLANG_ENABLE_OBJC_ARC = YES;
				CLANG_WARN_BOOL_CONVERSION = YES;
				CLANG_WARN_CONSTANT_CONVERSION = YES;
				CLANG_WARN_DIRECT_OBJC_ISA_USAGE = YES_ERROR;
				CLANG_WARN_EMPTY_BODY = YES;
				CLANG_WARN_ENUM_CONVERSION = YES;
				CLANG_WARN_INT_CONVERSION = YES;
				CLANG_WARN_OBJC_ROOT_CLASS = YES_ERROR;
				CLANG_WARN__DUPLICATE_METHOD_MATCH = YES;
				"CODE_SIGN_IDENTITY[sdk=iphoneos*]" = "iPhone Developer";
				COPY_PHASE_STRIP = NO;
				GCC_C_LANGUAGE_STANDARD = gnu99;
				GCC_DYNAMIC_NO_PIC = NO;
				GCC_OPTIMIZATION_LEVEL = 0;
				GCC_PREPROCESSOR_DEFINITIONS = (
					"DEBUG=1",
					"$(inherited)",
				);
				GCC_SYMBOLS_PRIVATE_EXTERN = NO;
				GCC_WARN_64_TO_32_BIT_CONVERSION = YES;
				GCC_WARN_ABOUT_RETURN_TYPE = YES_ERROR;
				GCC_WARN_UNDECLARED_SELECTOR = YES;
				GCC_WARN_UNINITIALIZED_AUTOS = YES;
				GCC_WARN_UNUSED_FUNCTION = YES;
				GCC_WARN_UNUSED_VARIABLE = YES;
				IPHONEOS_DEPLOYMENT_TARGET = 7.0;
				ONLY_ACTIVE_ARCH = YES;
				SDKROOT = iphoneos;
			};
			name = Debug;
		};
		FE6842AE180E32DA0000E01C /* Release */ = {
			isa = XCBuildConfiguration;
			buildSettings = {
				ALWAYS_SEARCH_USER_PATHS = NO;
				ARCHS = "$(ARCHS_STANDARD_INCLUDING_64_BIT)";
				CLANG_CXX_LANGUAGE_STANDARD = "gnu++0x";
				CLANG_CXX_LIBRARY = "libc++";
				CLANG_ENABLE_MODULES = YES;
				CLANG_ENABLE_OBJC_ARC = YES;
				CLANG_WARN_BOOL_CONVERSION = YES;
				CLANG_WARN_CONSTANT_CONVERSION = YES;
				CLANG_WARN_DIRECT_OBJC_ISA_USAGE = YES_ERROR;
				CLANG_WARN_EMPTY_BODY = YES;
				CLANG_WARN_ENUM_CONVERSION = YES;
				CLANG_WARN_INT_CONVERSION = YES;
				CLANG_WARN_OBJC_ROOT_CLASS = YES_ERROR;
				CLANG_WARN__DUPLICATE_METHOD_MATCH = YES;
				"CODE_SIGN_IDENTITY[sdk=iphoneos*]" = "iPhone Developer";
				COPY_PHASE_STRIP = YES;
				ENABLE_NS_ASSERTIONS = NO;
				GCC_C_LANGUAGE_STANDARD = gnu99;
				GCC_WARN_64_TO_32_BIT_CONVERSION = YES;
				GCC_WARN_ABOUT_RETURN_TYPE = YES_ERROR;
				GCC_WARN_UNDECLARED_SELECTOR = YES;
				GCC_WARN_UNINITIALIZED_AUTOS = YES;
				GCC_WARN_UNUSED_FUNCTION = YES;
				GCC_WARN_UNUSED_VARIABLE = YES;
				IPHONEOS_DEPLOYMENT_TARGET = 7.0;
				SDKROOT = iphoneos;
				VALIDATE_PRODUCT = YES;
			};
			name = Release;
		};
		FE6842B0180E32DA0000E01C /* Debug */ = {
			isa = XCBuildConfiguration;
			buildSettings = {
				ASSETCATALOG_COMPILER_APPICON_NAME = AppIcon;
				ASSETCATALOG_COMPILER_LAUNCHIMAGE_NAME = LaunchImage;
				GCC_PRECOMPILE_PREFIX_HEADER = YES;
				GCC_PREFIX_HEADER = "Maomao/Maomao-Prefix.pch";
				INFOPLIST_FILE = "Maomao/Maomao-Info.plist";
				IPHONEOS_DEPLOYMENT_TARGET = 5.0;
				PRODUCT_NAME = "$(TARGET_NAME)";
				TARGETED_DEVICE_FAMILY = 1;
				WRAPPER_EXTENSION = app;
			};
			name = Debug;
		};
		FE6842B1180E32DA0000E01C /* Release */ = {
			isa = XCBuildConfiguration;
			buildSettings = {
				ASSETCATALOG_COMPILER_APPICON_NAME = AppIcon;
				ASSETCATALOG_COMPILER_LAUNCHIMAGE_NAME = LaunchImage;
				GCC_PRECOMPILE_PREFIX_HEADER = YES;
				GCC_PREFIX_HEADER = "Maomao/Maomao-Prefix.pch";
				INFOPLIST_FILE = "Maomao/Maomao-Info.plist";
				IPHONEOS_DEPLOYMENT_TARGET = 5.0;
				PRODUCT_NAME = "$(TARGET_NAME)";
				TARGETED_DEVICE_FAMILY = 1;
				WRAPPER_EXTENSION = app;
			};
			name = Release;
		};
		FE6842B3180E32DA0000E01C /* Debug */ = {
			isa = XCBuildConfiguration;
			buildSettings = {
				ARCHS = "$(ARCHS_STANDARD_INCLUDING_64_BIT)";
				BUNDLE_LOADER = "$(BUILT_PRODUCTS_DIR)/Maomao.app/Maomao";
				FRAMEWORK_SEARCH_PATHS = (
					"$(SDKROOT)/Developer/Library/Frameworks",
					"$(inherited)",
					"$(DEVELOPER_FRAMEWORKS_DIR)",
				);
				GCC_PRECOMPILE_PREFIX_HEADER = YES;
				GCC_PREFIX_HEADER = "Maomao/Maomao-Prefix.pch";
				GCC_PREPROCESSOR_DEFINITIONS = (
					"DEBUG=1",
					"$(inherited)",
				);
				INFOPLIST_FILE = "MaomaoTests/MaomaoTests-Info.plist";
				PRODUCT_NAME = "$(TARGET_NAME)";
				TEST_HOST = "$(BUNDLE_LOADER)";
				WRAPPER_EXTENSION = xctest;
			};
			name = Debug;
		};
		FE6842B4180E32DA0000E01C /* Release */ = {
			isa = XCBuildConfiguration;
			buildSettings = {
				ARCHS = "$(ARCHS_STANDARD_INCLUDING_64_BIT)";
				BUNDLE_LOADER = "$(BUILT_PRODUCTS_DIR)/Maomao.app/Maomao";
				FRAMEWORK_SEARCH_PATHS = (
					"$(SDKROOT)/Developer/Library/Frameworks",
					"$(inherited)",
					"$(DEVELOPER_FRAMEWORKS_DIR)",
				);
				GCC_PRECOMPILE_PREFIX_HEADER = YES;
				GCC_PREFIX_HEADER = "Maomao/Maomao-Prefix.pch";
				INFOPLIST_FILE = "MaomaoTests/MaomaoTests-Info.plist";
				PRODUCT_NAME = "$(TARGET_NAME)";
				TEST_HOST = "$(BUNDLE_LOADER)";
				WRAPPER_EXTENSION = xctest;
			};
			name = Release;
		};
/* End XCBuildConfiguration section */

/* Begin XCConfigurationList section */
		FE68427E180E32DA0000E01C /* Build configuration list for PBXProject "Maomao" */ = {
			isa = XCConfigurationList;
			buildConfigurations = (
				FE6842AD180E32DA0000E01C /* Debug */,
				FE6842AE180E32DA0000E01C /* Release */,
			);
			defaultConfigurationIsVisible = 0;
			defaultConfigurationName = Release;
		};
		FE6842AF180E32DA0000E01C /* Build configuration list for PBXNativeTarget "Maomao" */ = {
			isa = XCConfigurationList;
			buildConfigurations = (
				FE6842B0180E32DA0000E01C /* Debug */,
				FE6842B1180E32DA0000E01C /* Release */,
			);
			defaultConfigurationIsVisible = 0;
			defaultConfigurationName = Release;
		};
		FE6842B2180E32DA0000E01C /* Build configuration list for PBXNativeTarget "MaomaoTests" */ = {
			isa = XCConfigurationList;
			buildConfigurations = (
				FE6842B3180E32DA0000E01C /* Debug */,
				FE6842B4180E32DA0000E01C /* Release */,
			);
			defaultConfigurationIsVisible = 0;
			defaultConfigurationName = Release;
		};
/* End XCConfigurationList section */
	};
	rootObject = FE68427B180E32DA0000E01C /* Project object */;
}
